// !$*UTF8*$!
{
	archiveVersion = 1;
	classes = {
	};
	objectVersion = 56;
	objects = {

/* Begin PBXBuildFile section */
		12BF75162AE26B4C00147E5A /* AppDelegate.swift in Sources */ = {isa = PBXBuildFile; fileRef = 12BF75152AE26B4C00147E5A /* AppDelegate.swift */; };
		12BF75182AE26B4C00147E5A /* SceneDelegate.swift in Sources */ = {isa = PBXBuildFile; fileRef = 12BF75172AE26B4C00147E5A /* SceneDelegate.swift */; };
		12BF751A2AE26B4C00147E5A /* ViewController.swift in Sources */ = {isa = PBXBuildFile; fileRef = 12BF75192AE26B4C00147E5A /* ViewController.swift */; };
		12BF751D2AE26B4C00147E5A /* Main.storyboard in Resources */ = {isa = PBXBuildFile; fileRef = 12BF751B2AE26B4C00147E5A /* Main.storyboard */; };
		12BF751F2AE26B4D00147E5A /* Assets.xcassets in Resources */ = {isa = PBXBuildFile; fileRef = 12BF751E2AE26B4D00147E5A /* Assets.xcassets */; };
		12BF75222AE26B4D00147E5A /* LaunchScreen.storyboard in Resources */ = {isa = PBXBuildFile; fileRef = 12BF75202AE26B4D00147E5A /* LaunchScreen.storyboard */; };
		12BF752D2AE26B4D00147E5A /* Trade_CoachTests.swift in Sources */ = {isa = PBXBuildFile; fileRef = 12BF752C2AE26B4D00147E5A /* Trade_CoachTests.swift */; };
		12BF75372AE26B4D00147E5A /* Trade_CoachUITests.swift in Sources */ = {isa = PBXBuildFile; fileRef = 12BF75362AE26B4D00147E5A /* Trade_CoachUITests.swift */; };
		12BF75392AE26B4D00147E5A /* Trade_CoachUITestsLaunchTests.swift in Sources */ = {isa = PBXBuildFile; fileRef = 12BF75382AE26B4D00147E5A /* Trade_CoachUITestsLaunchTests.swift */; };
		12BF754C2AE26E7A00147E5A /* LoginViewController.swift in Sources */ = {isa = PBXBuildFile; fileRef = 12BF754B2AE26E7A00147E5A /* LoginViewController.swift */; };
		12BF754E2AE26EC600147E5A /* RegisterViewController.swift in Sources */ = {isa = PBXBuildFile; fileRef = 12BF754D2AE26EC600147E5A /* RegisterViewController.swift */; };
		12BF75502AE2706D00147E5A /* UIView + Extensions.swift in Sources */ = {isa = PBXBuildFile; fileRef = 12BF754F2AE2706D00147E5A /* UIView + Extensions.swift */; };
		12BF75522AE274E200147E5A /* GoogleService-Info.plist in Resources */ = {isa = PBXBuildFile; fileRef = 12BF75512AE274E200147E5A /* GoogleService-Info.plist */; };
		769C00D58FB89F61A2E43C88 /* Pods_Trade_Coach_Trade_CoachUITests.framework in Frameworks */ = {isa = PBXBuildFile; fileRef = 66178C15A7D61980D47EAF5B /* Pods_Trade_Coach_Trade_CoachUITests.framework */; };
		A84333E3CDACC07E12E5695A /* Pods_Trade_CoachTests.framework in Frameworks */ = {isa = PBXBuildFile; fileRef = 5FF6C9A572CBD61D5C394062 /* Pods_Trade_CoachTests.framework */; };
		DD4C5F71B6F64717D6270473 /* Pods_Trade_Coach.framework in Frameworks */ = {isa = PBXBuildFile; fileRef = 3334B4C19E8A959857B321ED /* Pods_Trade_Coach.framework */; };
/* End PBXBuildFile section */

/* Begin PBXContainerItemProxy section */
		12BF75292AE26B4D00147E5A /* PBXContainerItemProxy */ = {
			isa = PBXContainerItemProxy;
			containerPortal = 12BF750A2AE26B4C00147E5A /* Project object */;
			proxyType = 1;
			remoteGlobalIDString = 12BF75112AE26B4C00147E5A;
			remoteInfo = "Trade-Coach";
		};
		12BF75332AE26B4D00147E5A /* PBXContainerItemProxy */ = {
			isa = PBXContainerItemProxy;
			containerPortal = 12BF750A2AE26B4C00147E5A /* Project object */;
			proxyType = 1;
			remoteGlobalIDString = 12BF75112AE26B4C00147E5A;
			remoteInfo = "Trade-Coach";
		};
/* End PBXContainerItemProxy section */

/* Begin PBXFileReference section */
		105A46F3DA2FF9927EF878E0 /* Pods-Trade-Coach-Trade-CoachUITests.debug.xcconfig */ = {isa = PBXFileReference; includeInIndex = 1; lastKnownFileType = text.xcconfig; name = "Pods-Trade-Coach-Trade-CoachUITests.debug.xcconfig"; path = "Target Support Files/Pods-Trade-Coach-Trade-CoachUITests/Pods-Trade-Coach-Trade-CoachUITests.debug.xcconfig"; sourceTree = "<group>"; };
		12BF75122AE26B4C00147E5A /* Trade-Coach.app */ = {isa = PBXFileReference; explicitFileType = wrapper.application; includeInIndex = 0; path = "Trade-Coach.app"; sourceTree = BUILT_PRODUCTS_DIR; };
		12BF75152AE26B4C00147E5A /* AppDelegate.swift */ = {isa = PBXFileReference; lastKnownFileType = sourcecode.swift; path = AppDelegate.swift; sourceTree = "<group>"; };
		12BF75172AE26B4C00147E5A /* SceneDelegate.swift */ = {isa = PBXFileReference; lastKnownFileType = sourcecode.swift; path = SceneDelegate.swift; sourceTree = "<group>"; };
		12BF75192AE26B4C00147E5A /* ViewController.swift */ = {isa = PBXFileReference; lastKnownFileType = sourcecode.swift; path = ViewController.swift; sourceTree = "<group>"; };
		12BF751C2AE26B4C00147E5A /* Base */ = {isa = PBXFileReference; lastKnownFileType = file.storyboard; name = Base; path = Base.lproj/Main.storyboard; sourceTree = "<group>"; };
		12BF751E2AE26B4D00147E5A /* Assets.xcassets */ = {isa = PBXFileReference; lastKnownFileType = folder.assetcatalog; path = Assets.xcassets; sourceTree = "<group>"; };
		12BF75212AE26B4D00147E5A /* Base */ = {isa = PBXFileReference; lastKnownFileType = file.storyboard; name = Base; path = Base.lproj/LaunchScreen.storyboard; sourceTree = "<group>"; };
		12BF75232AE26B4D00147E5A /* Info.plist */ = {isa = PBXFileReference; lastKnownFileType = text.plist.xml; path = Info.plist; sourceTree = "<group>"; };
		12BF75282AE26B4D00147E5A /* Trade-CoachTests.xctest */ = {isa = PBXFileReference; explicitFileType = wrapper.cfbundle; includeInIndex = 0; path = "Trade-CoachTests.xctest"; sourceTree = BUILT_PRODUCTS_DIR; };
		12BF752C2AE26B4D00147E5A /* Trade_CoachTests.swift */ = {isa = PBXFileReference; lastKnownFileType = sourcecode.swift; path = Trade_CoachTests.swift; sourceTree = "<group>"; };
		12BF75322AE26B4D00147E5A /* Trade-CoachUITests.xctest */ = {isa = PBXFileReference; explicitFileType = wrapper.cfbundle; includeInIndex = 0; path = "Trade-CoachUITests.xctest"; sourceTree = BUILT_PRODUCTS_DIR; };
		12BF75362AE26B4D00147E5A /* Trade_CoachUITests.swift */ = {isa = PBXFileReference; lastKnownFileType = sourcecode.swift; path = Trade_CoachUITests.swift; sourceTree = "<group>"; };
		12BF75382AE26B4D00147E5A /* Trade_CoachUITestsLaunchTests.swift */ = {isa = PBXFileReference; lastKnownFileType = sourcecode.swift; path = Trade_CoachUITestsLaunchTests.swift; sourceTree = "<group>"; };
		12BF754B2AE26E7A00147E5A /* LoginViewController.swift */ = {isa = PBXFileReference; lastKnownFileType = sourcecode.swift; path = LoginViewController.swift; sourceTree = "<group>"; };
		12BF754D2AE26EC600147E5A /* RegisterViewController.swift */ = {isa = PBXFileReference; lastKnownFileType = sourcecode.swift; path = RegisterViewController.swift; sourceTree = "<group>"; };
		12BF754F2AE2706D00147E5A /* UIView + Extensions.swift */ = {isa = PBXFileReference; lastKnownFileType = sourcecode.swift; path = "UIView + Extensions.swift"; sourceTree = "<group>"; };
		12BF75512AE274E200147E5A /* GoogleService-Info.plist */ = {isa = PBXFileReference; fileEncoding = 4; lastKnownFileType = text.plist.xml; path = "GoogleService-Info.plist"; sourceTree = "<group>"; };
		240E4DB4424F1B38D2C822D2 /* Pods-Trade-CoachTests.release.xcconfig */ = {isa = PBXFileReference; includeInIndex = 1; lastKnownFileType = text.xcconfig; name = "Pods-Trade-CoachTests.release.xcconfig"; path = "Target Support Files/Pods-Trade-CoachTests/Pods-Trade-CoachTests.release.xcconfig"; sourceTree = "<group>"; };
		291BA665556EBF611C8C659B /* Pods-Trade-Coach.release.xcconfig */ = {isa = PBXFileReference; includeInIndex = 1; lastKnownFileType = text.xcconfig; name = "Pods-Trade-Coach.release.xcconfig"; path = "Target Support Files/Pods-Trade-Coach/Pods-Trade-Coach.release.xcconfig"; sourceTree = "<group>"; };
		3334B4C19E8A959857B321ED /* Pods_Trade_Coach.framework */ = {isa = PBXFileReference; explicitFileType = wrapper.framework; includeInIndex = 0; path = Pods_Trade_Coach.framework; sourceTree = BUILT_PRODUCTS_DIR; };
		5FF6C9A572CBD61D5C394062 /* Pods_Trade_CoachTests.framework */ = {isa = PBXFileReference; explicitFileType = wrapper.framework; includeInIndex = 0; path = Pods_Trade_CoachTests.framework; sourceTree = BUILT_PRODUCTS_DIR; };
		66178C15A7D61980D47EAF5B /* Pods_Trade_Coach_Trade_CoachUITests.framework */ = {isa = PBXFileReference; explicitFileType = wrapper.framework; includeInIndex = 0; path = Pods_Trade_Coach_Trade_CoachUITests.framework; sourceTree = BUILT_PRODUCTS_DIR; };
		AA8B06BF4118A6C6ED5CE673 /* Pods-Trade-Coach.debug.xcconfig */ = {isa = PBXFileReference; includeInIndex = 1; lastKnownFileType = text.xcconfig; name = "Pods-Trade-Coach.debug.xcconfig"; path = "Target Support Files/Pods-Trade-Coach/Pods-Trade-Coach.debug.xcconfig"; sourceTree = "<group>"; };
		B9DD156D1FCB4E1060EFBB1D /* Pods-Trade-Coach-Trade-CoachUITests.release.xcconfig */ = {isa = PBXFileReference; includeInIndex = 1; lastKnownFileType = text.xcconfig; name = "Pods-Trade-Coach-Trade-CoachUITests.release.xcconfig"; path = "Target Support Files/Pods-Trade-Coach-Trade-CoachUITests/Pods-Trade-Coach-Trade-CoachUITests.release.xcconfig"; sourceTree = "<group>"; };
		D1EE314A34138148450FF066 /* Pods-Trade-CoachTests.debug.xcconfig */ = {isa = PBXFileReference; includeInIndex = 1; lastKnownFileType = text.xcconfig; name = "Pods-Trade-CoachTests.debug.xcconfig"; path = "Target Support Files/Pods-Trade-CoachTests/Pods-Trade-CoachTests.debug.xcconfig"; sourceTree = "<group>"; };
/* End PBXFileReference section */

/* Begin PBXFrameworksBuildPhase section */
		12BF750F2AE26B4C00147E5A /* Frameworks */ = {
			isa = PBXFrameworksBuildPhase;
			buildActionMask = 2147483647;
			files = (
				DD4C5F71B6F64717D6270473 /* Pods_Trade_Coach.framework in Frameworks */,
			);
			runOnlyForDeploymentPostprocessing = 0;
		};
		12BF75252AE26B4D00147E5A /* Frameworks */ = {
			isa = PBXFrameworksBuildPhase;
			buildActionMask = 2147483647;
			files = (
				A84333E3CDACC07E12E5695A /* Pods_Trade_CoachTests.framework in Frameworks */,
			);
			runOnlyForDeploymentPostprocessing = 0;
		};
		12BF752F2AE26B4D00147E5A /* Frameworks */ = {
			isa = PBXFrameworksBuildPhase;
			buildActionMask = 2147483647;
			files = (
				769C00D58FB89F61A2E43C88 /* Pods_Trade_Coach_Trade_CoachUITests.framework in Frameworks */,
			);
			runOnlyForDeploymentPostprocessing = 0;
		};
/* End PBXFrameworksBuildPhase section */

/* Begin PBXGroup section */
		12BF75092AE26B4C00147E5A = {
			isa = PBXGroup;
			children = (
				12BF75142AE26B4C00147E5A /* Trade-Coach */,
				12BF752B2AE26B4D00147E5A /* Trade-CoachTests */,
				12BF75352AE26B4D00147E5A /* Trade-CoachUITests */,
				12BF75132AE26B4C00147E5A /* Products */,
				AF1AF2BE20F33F338CE8BE97 /* Pods */,
				4627B06D4B884A074995B787 /* Frameworks */,
			);
			sourceTree = "<group>";
		};
		12BF75132AE26B4C00147E5A /* Products */ = {
			isa = PBXGroup;
			children = (
				12BF75122AE26B4C00147E5A /* Trade-Coach.app */,
				12BF75282AE26B4D00147E5A /* Trade-CoachTests.xctest */,
				12BF75322AE26B4D00147E5A /* Trade-CoachUITests.xctest */,
			);
			name = Products;
			sourceTree = "<group>";
		};
		12BF75142AE26B4C00147E5A /* Trade-Coach */ = {
			isa = PBXGroup;
			children = (
				12BF75512AE274E200147E5A /* GoogleService-Info.plist */,
				12BF754A2AE26C6D00147E5A /* helpers */,
				12BF75492AE26C6100147E5A /* networking */,
				12BF75482AE26C5A00147E5A /* model */,
				12BF75472AE26C5400147E5A /* viewmodel */,
				12BF75462AE26C4800147E5A /* viewcontroller */,
				12BF75452AE26C3C00147E5A /* view */,
				12BF75152AE26B4C00147E5A /* AppDelegate.swift */,
				12BF75172AE26B4C00147E5A /* SceneDelegate.swift */,
				12BF751B2AE26B4C00147E5A /* Main.storyboard */,
				12BF751E2AE26B4D00147E5A /* Assets.xcassets */,
				12BF75202AE26B4D00147E5A /* LaunchScreen.storyboard */,
				12BF75232AE26B4D00147E5A /* Info.plist */,
			);
			path = "Trade-Coach";
			sourceTree = "<group>";
		};
		12BF752B2AE26B4D00147E5A /* Trade-CoachTests */ = {
			isa = PBXGroup;
			children = (
				12BF752C2AE26B4D00147E5A /* Trade_CoachTests.swift */,
			);
			path = "Trade-CoachTests";
			sourceTree = "<group>";
		};
		12BF75352AE26B4D00147E5A /* Trade-CoachUITests */ = {
			isa = PBXGroup;
			children = (
				12BF75362AE26B4D00147E5A /* Trade_CoachUITests.swift */,
				12BF75382AE26B4D00147E5A /* Trade_CoachUITestsLaunchTests.swift */,
			);
			path = "Trade-CoachUITests";
			sourceTree = "<group>";
		};
		12BF75452AE26C3C00147E5A /* view */ = {
			isa = PBXGroup;
			children = (
			);
			path = view;
			sourceTree = "<group>";
		};
		12BF75462AE26C4800147E5A /* viewcontroller */ = {
			isa = PBXGroup;
			children = (
				12BF75192AE26B4C00147E5A /* ViewController.swift */,
				12BF754B2AE26E7A00147E5A /* LoginViewController.swift */,
				12BF754D2AE26EC600147E5A /* RegisterViewController.swift */,
			);
			path = viewcontroller;
			sourceTree = "<group>";
		};
		12BF75472AE26C5400147E5A /* viewmodel */ = {
			isa = PBXGroup;
			children = (
			);
			path = viewmodel;
			sourceTree = "<group>";
		};
		12BF75482AE26C5A00147E5A /* model */ = {
			isa = PBXGroup;
			children = (
			);
			path = model;
			sourceTree = "<group>";
		};
		12BF75492AE26C6100147E5A /* networking */ = {
			isa = PBXGroup;
			children = (
			);
			path = networking;
			sourceTree = "<group>";
		};
		12BF754A2AE26C6D00147E5A /* helpers */ = {
			isa = PBXGroup;
			children = (
				12BF754F2AE2706D00147E5A /* UIView + Extensions.swift */,
			);
			path = helpers;
			sourceTree = "<group>";
		};
		4627B06D4B884A074995B787 /* Frameworks */ = {
			isa = PBXGroup;
			children = (
				3334B4C19E8A959857B321ED /* Pods_Trade_Coach.framework */,
				66178C15A7D61980D47EAF5B /* Pods_Trade_Coach_Trade_CoachUITests.framework */,
				5FF6C9A572CBD61D5C394062 /* Pods_Trade_CoachTests.framework */,
			);
			name = Frameworks;
			sourceTree = "<group>";
		};
		AF1AF2BE20F33F338CE8BE97 /* Pods */ = {
			isa = PBXGroup;
			children = (
				AA8B06BF4118A6C6ED5CE673 /* Pods-Trade-Coach.debug.xcconfig */,
				291BA665556EBF611C8C659B /* Pods-Trade-Coach.release.xcconfig */,
				105A46F3DA2FF9927EF878E0 /* Pods-Trade-Coach-Trade-CoachUITests.debug.xcconfig */,
				B9DD156D1FCB4E1060EFBB1D /* Pods-Trade-Coach-Trade-CoachUITests.release.xcconfig */,
				D1EE314A34138148450FF066 /* Pods-Trade-CoachTests.debug.xcconfig */,
				240E4DB4424F1B38D2C822D2 /* Pods-Trade-CoachTests.release.xcconfig */,
			);
			name = Pods;
			path = Pods;
			sourceTree = "<group>";
		};
/* End PBXGroup section */

/* Begin PBXNativeTarget section */
		12BF75112AE26B4C00147E5A /* Trade-Coach */ = {
			isa = PBXNativeTarget;
			buildConfigurationList = 12BF753C2AE26B4D00147E5A /* Build configuration list for PBXNativeTarget "Trade-Coach" */;
			buildPhases = (
				47CAFD27FF168683CCCCA2E9 /* [CP] Check Pods Manifest.lock */,
				12BF750E2AE26B4C00147E5A /* Sources */,
				12BF750F2AE26B4C00147E5A /* Frameworks */,
				12BF75102AE26B4C00147E5A /* Resources */,
				D4B35D91715E283852718679 /* [CP] Embed Pods Frameworks */,
			);
			buildRules = (
			);
			dependencies = (
			);
			name = "Trade-Coach";
			productName = "Trade-Coach";
			productReference = 12BF75122AE26B4C00147E5A /* Trade-Coach.app */;
			productType = "com.apple.product-type.application";
		};
		12BF75272AE26B4D00147E5A /* Trade-CoachTests */ = {
			isa = PBXNativeTarget;
			buildConfigurationList = 12BF753F2AE26B4D00147E5A /* Build configuration list for PBXNativeTarget "Trade-CoachTests" */;
			buildPhases = (
				7334EFED742F3BF0BDB98159 /* [CP] Check Pods Manifest.lock */,
				12BF75242AE26B4D00147E5A /* Sources */,
				12BF75252AE26B4D00147E5A /* Frameworks */,
				12BF75262AE26B4D00147E5A /* Resources */,
			);
			buildRules = (
			);
			dependencies = (
				12BF752A2AE26B4D00147E5A /* PBXTargetDependency */,
			);
			name = "Trade-CoachTests";
			productName = "Trade-CoachTests";
			productReference = 12BF75282AE26B4D00147E5A /* Trade-CoachTests.xctest */;
			productType = "com.apple.product-type.bundle.unit-test";
		};
		12BF75312AE26B4D00147E5A /* Trade-CoachUITests */ = {
			isa = PBXNativeTarget;
			buildConfigurationList = 12BF75422AE26B4D00147E5A /* Build configuration list for PBXNativeTarget "Trade-CoachUITests" */;
			buildPhases = (
				057D5555CA7A7CC5526DC4E9 /* [CP] Check Pods Manifest.lock */,
				12BF752E2AE26B4D00147E5A /* Sources */,
				12BF752F2AE26B4D00147E5A /* Frameworks */,
				12BF75302AE26B4D00147E5A /* Resources */,
				059F78C3757FC95F95109C57 /* [CP] Embed Pods Frameworks */,
			);
			buildRules = (
			);
			dependencies = (
				12BF75342AE26B4D00147E5A /* PBXTargetDependency */,
			);
			name = "Trade-CoachUITests";
			productName = "Trade-CoachUITests";
			productReference = 12BF75322AE26B4D00147E5A /* Trade-CoachUITests.xctest */;
			productType = "com.apple.product-type.bundle.ui-testing";
		};
/* End PBXNativeTarget section */

/* Begin PBXProject section */
		12BF750A2AE26B4C00147E5A /* Project object */ = {
			isa = PBXProject;
			attributes = {
				BuildIndependentTargetsInParallel = 1;
				LastSwiftUpdateCheck = 1500;
				LastUpgradeCheck = 1500;
				TargetAttributes = {
					12BF75112AE26B4C00147E5A = {
						CreatedOnToolsVersion = 15.0;
					};
					12BF75272AE26B4D00147E5A = {
						CreatedOnToolsVersion = 15.0;
						TestTargetID = 12BF75112AE26B4C00147E5A;
					};
					12BF75312AE26B4D00147E5A = {
						CreatedOnToolsVersion = 15.0;
						TestTargetID = 12BF75112AE26B4C00147E5A;
					};
				};
			};
			buildConfigurationList = 12BF750D2AE26B4C00147E5A /* Build configuration list for PBXProject "Trade-Coach" */;
			compatibilityVersion = "Xcode 14.0";
			developmentRegion = en;
			hasScannedForEncodings = 0;
			knownRegions = (
				en,
				Base,
			);
			mainGroup = 12BF75092AE26B4C00147E5A;
			productRefGroup = 12BF75132AE26B4C00147E5A /* Products */;
			projectDirPath = "";
			projectRoot = "";
			targets = (
				12BF75112AE26B4C00147E5A /* Trade-Coach */,
				12BF75272AE26B4D00147E5A /* Trade-CoachTests */,
				12BF75312AE26B4D00147E5A /* Trade-CoachUITests */,
			);
		};
/* End PBXProject section */

/* Begin PBXResourcesBuildPhase section */
		12BF75102AE26B4C00147E5A /* Resources */ = {
			isa = PBXResourcesBuildPhase;
			buildActionMask = 2147483647;
			files = (
				12BF75222AE26B4D00147E5A /* LaunchScreen.storyboard in Resources */,
				12BF751F2AE26B4D00147E5A /* Assets.xcassets in Resources */,
				12BF75522AE274E200147E5A /* GoogleService-Info.plist in Resources */,
				12BF751D2AE26B4C00147E5A /* Main.storyboard in Resources */,
			);
			runOnlyForDeploymentPostprocessing = 0;
		};
		12BF75262AE26B4D00147E5A /* Resources */ = {
			isa = PBXResourcesBuildPhase;
			buildActionMask = 2147483647;
			files = (
			);
			runOnlyForDeploymentPostprocessing = 0;
		};
		12BF75302AE26B4D00147E5A /* Resources */ = {
			isa = PBXResourcesBuildPhase;
			buildActionMask = 2147483647;
			files = (
			);
			runOnlyForDeploymentPostprocessing = 0;
		};
/* End PBXResourcesBuildPhase section */

/* Begin PBXShellScriptBuildPhase section */
		057D5555CA7A7CC5526DC4E9 /* [CP] Check Pods Manifest.lock */ = {
			isa = PBXShellScriptBuildPhase;
			buildActionMask = 2147483647;
			files = (
			);
			inputFileListPaths = (
			);
			inputPaths = (
				"${PODS_PODFILE_DIR_PATH}/Podfile.lock",
				"${PODS_ROOT}/Manifest.lock",
			);
			name = "[CP] Check Pods Manifest.lock";
			outputFileListPaths = (
			);
			outputPaths = (
				"$(DERIVED_FILE_DIR)/Pods-Trade-Coach-Trade-CoachUITests-checkManifestLockResult.txt",
			);
			runOnlyForDeploymentPostprocessing = 0;
			shellPath = /bin/sh;
			shellScript = "diff \"${PODS_PODFILE_DIR_PATH}/Podfile.lock\" \"${PODS_ROOT}/Manifest.lock\" > /dev/null\nif [ $? != 0 ] ; then\n    # print error to STDERR\n    echo \"error: The sandbox is not in sync with the Podfile.lock. Run 'pod install' or update your CocoaPods installation.\" >&2\n    exit 1\nfi\n# This output is used by Xcode 'outputs' to avoid re-running this script phase.\necho \"SUCCESS\" > \"${SCRIPT_OUTPUT_FILE_0}\"\n";
			showEnvVarsInLog = 0;
		};
		059F78C3757FC95F95109C57 /* [CP] Embed Pods Frameworks */ = {
			isa = PBXShellScriptBuildPhase;
			buildActionMask = 2147483647;
			files = (
			);
			inputFileListPaths = (
				"${PODS_ROOT}/Target Support Files/Pods-Trade-Coach-Trade-CoachUITests/Pods-Trade-Coach-Trade-CoachUITests-frameworks-${CONFIGURATION}-input-files.xcfilelist",
			);
			name = "[CP] Embed Pods Frameworks";
			outputFileListPaths = (
				"${PODS_ROOT}/Target Support Files/Pods-Trade-Coach-Trade-CoachUITests/Pods-Trade-Coach-Trade-CoachUITests-frameworks-${CONFIGURATION}-output-files.xcfilelist",
			);
			runOnlyForDeploymentPostprocessing = 0;
			shellPath = /bin/sh;
			shellScript = "\"${PODS_ROOT}/Target Support Files/Pods-Trade-Coach-Trade-CoachUITests/Pods-Trade-Coach-Trade-CoachUITests-frameworks.sh\"\n";
			showEnvVarsInLog = 0;
		};
		47CAFD27FF168683CCCCA2E9 /* [CP] Check Pods Manifest.lock */ = {
			isa = PBXShellScriptBuildPhase;
			buildActionMask = 2147483647;
			files = (
			);
			inputFileListPaths = (
			);
			inputPaths = (
				"${PODS_PODFILE_DIR_PATH}/Podfile.lock",
				"${PODS_ROOT}/Manifest.lock",
			);
			name = "[CP] Check Pods Manifest.lock";
			outputFileListPaths = (
			);
			outputPaths = (
				"$(DERIVED_FILE_DIR)/Pods-Trade-Coach-checkManifestLockResult.txt",
			);
			runOnlyForDeploymentPostprocessing = 0;
			shellPath = /bin/sh;
			shellScript = "diff \"${PODS_PODFILE_DIR_PATH}/Podfile.lock\" \"${PODS_ROOT}/Manifest.lock\" > /dev/null\nif [ $? != 0 ] ; then\n    # print error to STDERR\n    echo \"error: The sandbox is not in sync with the Podfile.lock. Run 'pod install' or update your CocoaPods installation.\" >&2\n    exit 1\nfi\n# This output is used by Xcode 'outputs' to avoid re-running this script phase.\necho \"SUCCESS\" > \"${SCRIPT_OUTPUT_FILE_0}\"\n";
			showEnvVarsInLog = 0;
		};
		7334EFED742F3BF0BDB98159 /* [CP] Check Pods Manifest.lock */ = {
			isa = PBXShellScriptBuildPhase;
			buildActionMask = 2147483647;
			files = (
			);
			inputFileListPaths = (
			);
			inputPaths = (
				"${PODS_PODFILE_DIR_PATH}/Podfile.lock",
				"${PODS_ROOT}/Manifest.lock",
			);
			name = "[CP] Check Pods Manifest.lock";
			outputFileListPaths = (
			);
			outputPaths = (
				"$(DERIVED_FILE_DIR)/Pods-Trade-CoachTests-checkManifestLockResult.txt",
			);
			runOnlyForDeploymentPostprocessing = 0;
			shellPath = /bin/sh;
			shellScript = "diff \"${PODS_PODFILE_DIR_PATH}/Podfile.lock\" \"${PODS_ROOT}/Manifest.lock\" > /dev/null\nif [ $? != 0 ] ; then\n    # print error to STDERR\n    echo \"error: The sandbox is not in sync with the Podfile.lock. Run 'pod install' or update your CocoaPods installation.\" >&2\n    exit 1\nfi\n# This output is used by Xcode 'outputs' to avoid re-running this script phase.\necho \"SUCCESS\" > \"${SCRIPT_OUTPUT_FILE_0}\"\n";
			showEnvVarsInLog = 0;
		};
		D4B35D91715E283852718679 /* [CP] Embed Pods Frameworks */ = {
			isa = PBXShellScriptBuildPhase;
			buildActionMask = 2147483647;
			files = (
			);
			inputFileListPaths = (
				"${PODS_ROOT}/Target Support Files/Pods-Trade-Coach/Pods-Trade-Coach-frameworks-${CONFIGURATION}-input-files.xcfilelist",
			);
			name = "[CP] Embed Pods Frameworks";
			outputFileListPaths = (
				"${PODS_ROOT}/Target Support Files/Pods-Trade-Coach/Pods-Trade-Coach-frameworks-${CONFIGURATION}-output-files.xcfilelist",
			);
			runOnlyForDeploymentPostprocessing = 0;
			shellPath = /bin/sh;
			shellScript = "\"${PODS_ROOT}/Target Support Files/Pods-Trade-Coach/Pods-Trade-Coach-frameworks.sh\"\n";
			showEnvVarsInLog = 0;
		};
/* End PBXShellScriptBuildPhase section */

/* Begin PBXSourcesBuildPhase section */
		12BF750E2AE26B4C00147E5A /* Sources */ = {
			isa = PBXSourcesBuildPhase;
			buildActionMask = 2147483647;
			files = (
				12BF754C2AE26E7A00147E5A /* LoginViewController.swift in Sources */,
				12BF754E2AE26EC600147E5A /* RegisterViewController.swift in Sources */,
				12BF751A2AE26B4C00147E5A /* ViewController.swift in Sources */,
				12BF75162AE26B4C00147E5A /* AppDelegate.swift in Sources */,
				12BF75502AE2706D00147E5A /* UIView + Extensions.swift in Sources */,
				12BF75182AE26B4C00147E5A /* SceneDelegate.swift in Sources */,
			);
			runOnlyForDeploymentPostprocessing = 0;
		};
		12BF75242AE26B4D00147E5A /* Sources */ = {
			isa = PBXSourcesBuildPhase;
			buildActionMask = 2147483647;
			files = (
				12BF752D2AE26B4D00147E5A /* Trade_CoachTests.swift in Sources */,
			);
			runOnlyForDeploymentPostprocessing = 0;
		};
		12BF752E2AE26B4D00147E5A /* Sources */ = {
			isa = PBXSourcesBuildPhase;
			buildActionMask = 2147483647;
			files = (
				12BF75392AE26B4D00147E5A /* Trade_CoachUITestsLaunchTests.swift in Sources */,
				12BF75372AE26B4D00147E5A /* Trade_CoachUITests.swift in Sources */,
			);
			runOnlyForDeploymentPostprocessing = 0;
		};
/* End PBXSourcesBuildPhase section */

/* Begin PBXTargetDependency section */
		12BF752A2AE26B4D00147E5A /* PBXTargetDependency */ = {
			isa = PBXTargetDependency;
			target = 12BF75112AE26B4C00147E5A /* Trade-Coach */;
			targetProxy = 12BF75292AE26B4D00147E5A /* PBXContainerItemProxy */;
		};
		12BF75342AE26B4D00147E5A /* PBXTargetDependency */ = {
			isa = PBXTargetDependency;
			target = 12BF75112AE26B4C00147E5A /* Trade-Coach */;
			targetProxy = 12BF75332AE26B4D00147E5A /* PBXContainerItemProxy */;
		};
/* End PBXTargetDependency section */

/* Begin PBXVariantGroup section */
		12BF751B2AE26B4C00147E5A /* Main.storyboard */ = {
			isa = PBXVariantGroup;
			children = (
				12BF751C2AE26B4C00147E5A /* Base */,
			);
			name = Main.storyboard;
			sourceTree = "<group>";
		};
		12BF75202AE26B4D00147E5A /* LaunchScreen.storyboard */ = {
			isa = PBXVariantGroup;
			children = (
				12BF75212AE26B4D00147E5A /* Base */,
			);
			name = LaunchScreen.storyboard;
			sourceTree = "<group>";
		};
/* End PBXVariantGroup section */

/* Begin XCBuildConfiguration section */
		12BF753A2AE26B4D00147E5A /* Debug */ = {
			isa = XCBuildConfiguration;
			buildSettings = {
				ALWAYS_SEARCH_USER_PATHS = NO;
				ASSETCATALOG_COMPILER_GENERATE_SWIFT_ASSET_SYMBOL_EXTENSIONS = YES;
				CLANG_ANALYZER_NONNULL = YES;
				CLANG_ANALYZER_NUMBER_OBJECT_CONVERSION = YES_AGGRESSIVE;
				CLANG_CXX_LANGUAGE_STANDARD = "gnu++20";
				CLANG_ENABLE_MODULES = YES;
				CLANG_ENABLE_OBJC_ARC = YES;
				CLANG_ENABLE_OBJC_WEAK = YES;
				CLANG_WARN_BLOCK_CAPTURE_AUTORELEASING = YES;
				CLANG_WARN_BOOL_CONVERSION = YES;
				CLANG_WARN_COMMA = YES;
				CLANG_WARN_CONSTANT_CONVERSION = YES;
				CLANG_WARN_DEPRECATED_OBJC_IMPLEMENTATIONS = YES;
				CLANG_WARN_DIRECT_OBJC_ISA_USAGE = YES_ERROR;
				CLANG_WARN_DOCUMENTATION_COMMENTS = YES;
				CLANG_WARN_EMPTY_BODY = YES;
				CLANG_WARN_ENUM_CONVERSION = YES;
				CLANG_WARN_INFINITE_RECURSION = YES;
				CLANG_WARN_INT_CONVERSION = YES;
				CLANG_WARN_NON_LITERAL_NULL_CONVERSION = YES;
				CLANG_WARN_OBJC_IMPLICIT_RETAIN_SELF = YES;
				CLANG_WARN_OBJC_LITERAL_CONVERSION = YES;
				CLANG_WARN_OBJC_ROOT_CLASS = YES_ERROR;
				CLANG_WARN_QUOTED_INCLUDE_IN_FRAMEWORK_HEADER = YES;
				CLANG_WARN_RANGE_LOOP_ANALYSIS = YES;
				CLANG_WARN_STRICT_PROTOTYPES = YES;
				CLANG_WARN_SUSPICIOUS_MOVE = YES;
				CLANG_WARN_UNGUARDED_AVAILABILITY = YES_AGGRESSIVE;
				CLANG_WARN_UNREACHABLE_CODE = YES;
				CLANG_WARN__DUPLICATE_METHOD_MATCH = YES;
				COPY_PHASE_STRIP = NO;
				DEBUG_INFORMATION_FORMAT = dwarf;
				ENABLE_STRICT_OBJC_MSGSEND = YES;
				ENABLE_TESTABILITY = YES;
				ENABLE_USER_SCRIPT_SANDBOXING = YES;
				GCC_C_LANGUAGE_STANDARD = gnu17;
				GCC_DYNAMIC_NO_PIC = NO;
				GCC_NO_COMMON_BLOCKS = YES;
				GCC_OPTIMIZATION_LEVEL = 0;
				GCC_PREPROCESSOR_DEFINITIONS = (
					"DEBUG=1",
					"$(inherited)",
				);
				GCC_WARN_64_TO_32_BIT_CONVERSION = YES;
				GCC_WARN_ABOUT_RETURN_TYPE = YES_ERROR;
				GCC_WARN_UNDECLARED_SELECTOR = YES;
				GCC_WARN_UNINITIALIZED_AUTOS = YES_AGGRESSIVE;
				GCC_WARN_UNUSED_FUNCTION = YES;
				GCC_WARN_UNUSED_VARIABLE = YES;
				IPHONEOS_DEPLOYMENT_TARGET = 17.0;
				LOCALIZATION_PREFERS_STRING_CATALOGS = YES;
				MTL_ENABLE_DEBUG_INFO = INCLUDE_SOURCE;
				MTL_FAST_MATH = YES;
				ONLY_ACTIVE_ARCH = YES;
				SDKROOT = iphoneos;
				SWIFT_ACTIVE_COMPILATION_CONDITIONS = "DEBUG $(inherited)";
				SWIFT_OPTIMIZATION_LEVEL = "-Onone";
			};
			name = Debug;
		};
		12BF753B2AE26B4D00147E5A /* Release */ = {
			isa = XCBuildConfiguration;
			buildSettings = {
				ALWAYS_SEARCH_USER_PATHS = NO;
				ASSETCATALOG_COMPILER_GENERATE_SWIFT_ASSET_SYMBOL_EXTENSIONS = YES;
				CLANG_ANALYZER_NONNULL = YES;
				CLANG_ANALYZER_NUMBER_OBJECT_CONVERSION = YES_AGGRESSIVE;
				CLANG_CXX_LANGUAGE_STANDARD = "gnu++20";
				CLANG_ENABLE_MODULES = YES;
				CLANG_ENABLE_OBJC_ARC = YES;
				CLANG_ENABLE_OBJC_WEAK = YES;
				CLANG_WARN_BLOCK_CAPTURE_AUTORELEASING = YES;
				CLANG_WARN_BOOL_CONVERSION = YES;
				CLANG_WARN_COMMA = YES;
				CLANG_WARN_CONSTANT_CONVERSION = YES;
				CLANG_WARN_DEPRECATED_OBJC_IMPLEMENTATIONS = YES;
				CLANG_WARN_DIRECT_OBJC_ISA_USAGE = YES_ERROR;
				CLANG_WARN_DOCUMENTATION_COMMENTS = YES;
				CLANG_WARN_EMPTY_BODY = YES;
				CLANG_WARN_ENUM_CONVERSION = YES;
				CLANG_WARN_INFINITE_RECURSION = YES;
				CLANG_WARN_INT_CONVERSION = YES;
				CLANG_WARN_NON_LITERAL_NULL_CONVERSION = YES;
				CLANG_WARN_OBJC_IMPLICIT_RETAIN_SELF = YES;
				CLANG_WARN_OBJC_LITERAL_CONVERSION = YES;
				CLANG_WARN_OBJC_ROOT_CLASS = YES_ERROR;
				CLANG_WARN_QUOTED_INCLUDE_IN_FRAMEWORK_HEADER = YES;
				CLANG_WARN_RANGE_LOOP_ANALYSIS = YES;
				CLANG_WARN_STRICT_PROTOTYPES = YES;
				CLANG_WARN_SUSPICIOUS_MOVE = YES;
				CLANG_WARN_UNGUARDED_AVAILABILITY = YES_AGGRESSIVE;
				CLANG_WARN_UNREACHABLE_CODE = YES;
				CLANG_WARN__DUPLICATE_METHOD_MATCH = YES;
				COPY_PHASE_STRIP = NO;
				DEBUG_INFORMATION_FORMAT = "dwarf-with-dsym";
				ENABLE_NS_ASSERTIONS = NO;
				ENABLE_STRICT_OBJC_MSGSEND = YES;
				ENABLE_USER_SCRIPT_SANDBOXING = YES;
				GCC_C_LANGUAGE_STANDARD = gnu17;
				GCC_NO_COMMON_BLOCKS = YES;
				GCC_WARN_64_TO_32_BIT_CONVERSION = YES;
				GCC_WARN_ABOUT_RETURN_TYPE = YES_ERROR;
				GCC_WARN_UNDECLARED_SELECTOR = YES;
				GCC_WARN_UNINITIALIZED_AUTOS = YES_AGGRESSIVE;
				GCC_WARN_UNUSED_FUNCTION = YES;
				GCC_WARN_UNUSED_VARIABLE = YES;
				IPHONEOS_DEPLOYMENT_TARGET = 17.0;
				LOCALIZATION_PREFERS_STRING_CATALOGS = YES;
				MTL_ENABLE_DEBUG_INFO = NO;
				MTL_FAST_MATH = YES;
				SDKROOT = iphoneos;
				SWIFT_COMPILATION_MODE = wholemodule;
				VALIDATE_PRODUCT = YES;
			};
			name = Release;
		};
		12BF753D2AE26B4D00147E5A /* Debug */ = {
			isa = XCBuildConfiguration;
			baseConfigurationReference = AA8B06BF4118A6C6ED5CE673 /* Pods-Trade-Coach.debug.xcconfig */;
			buildSettings = {
				ASSETCATALOG_COMPILER_APPICON_NAME = AppIcon;
				ASSETCATALOG_COMPILER_GLOBAL_ACCENT_COLOR_NAME = AccentColor;
				CODE_SIGN_STYLE = Automatic;
				CURRENT_PROJECT_VERSION = 1;
				DEVELOPMENT_TEAM = 8LWW6684F7;
				GENERATE_INFOPLIST_FILE = YES;
				INFOPLIST_FILE = "Trade-Coach/Info.plist";
				INFOPLIST_KEY_UIApplicationSupportsIndirectInputEvents = YES;
				INFOPLIST_KEY_UILaunchStoryboardName = LaunchScreen;
				INFOPLIST_KEY_UIMainStoryboardFile = Main;
				INFOPLIST_KEY_UISupportedInterfaceOrientations_iPad = "UIInterfaceOrientationPortrait UIInterfaceOrientationPortraitUpsideDown UIInterfaceOrientationLandscapeLeft UIInterfaceOrientationLandscapeRight";
				INFOPLIST_KEY_UISupportedInterfaceOrientations_iPhone = "UIInterfaceOrientationPortrait UIInterfaceOrientationLandscapeLeft UIInterfaceOrientationLandscapeRight";
				LD_RUNPATH_SEARCH_PATHS = (
					"$(inherited)",
					"@executable_path/Frameworks",
				);
				MARKETING_VERSION = 1.0;
				PRODUCT_BUNDLE_IDENTIFIER = "com.magma.Trade-Coach";
				PRODUCT_NAME = "$(TARGET_NAME)";
				SWIFT_EMIT_LOC_STRINGS = YES;
				SWIFT_VERSION = 5.0;
				TARGETED_DEVICE_FAMILY = "1,2";
			};
			name = Debug;
		};
		12BF753E2AE26B4D00147E5A /* Release */ = {
			isa = XCBuildConfiguration;
			baseConfigurationReference = 291BA665556EBF611C8C659B /* Pods-Trade-Coach.release.xcconfig */;
			buildSettings = {
				ASSETCATALOG_COMPILER_APPICON_NAME = AppIcon;
				ASSETCATALOG_COMPILER_GLOBAL_ACCENT_COLOR_NAME = AccentColor;
				CODE_SIGN_STYLE = Automatic;
				CURRENT_PROJECT_VERSION = 1;
				DEVELOPMENT_TEAM = 8LWW6684F7;
				GENERATE_INFOPLIST_FILE = YES;
				INFOPLIST_FILE = "Trade-Coach/Info.plist";
				INFOPLIST_KEY_UIApplicationSupportsIndirectInputEvents = YES;
				INFOPLIST_KEY_UILaunchStoryboardName = LaunchScreen;
				INFOPLIST_KEY_UIMainStoryboardFile = Main;
				INFOPLIST_KEY_UISupportedInterfaceOrientations_iPad = "UIInterfaceOrientationPortrait UIInterfaceOrientationPortraitUpsideDown UIInterfaceOrientationLandscapeLeft UIInterfaceOrientationLandscapeRight";
				INFOPLIST_KEY_UISupportedInterfaceOrientations_iPhone = "UIInterfaceOrientationPortrait UIInterfaceOrientationLandscapeLeft UIInterfaceOrientationLandscapeRight";
				LD_RUNPATH_SEARCH_PATHS = (
					"$(inherited)",
					"@executable_path/Frameworks",
				);
				MARKETING_VERSION = 1.0;
				PRODUCT_BUNDLE_IDENTIFIER = "com.magma.Trade-Coach";
				PRODUCT_NAME = "$(TARGET_NAME)";
				SWIFT_EMIT_LOC_STRINGS = YES;
				SWIFT_VERSION = 5.0;
				TARGETED_DEVICE_FAMILY = "1,2";
			};
			name = Release;
		};
		12BF75402AE26B4D00147E5A /* Debug */ = {
			isa = XCBuildConfiguration;
			baseConfigurationReference = D1EE314A34138148450FF066 /* Pods-Trade-CoachTests.debug.xcconfig */;
			buildSettings = {
				ALWAYS_EMBED_SWIFT_STANDARD_LIBRARIES = YES;
				BUNDLE_LOADER = "$(TEST_HOST)";
				CODE_SIGN_STYLE = Automatic;
				CURRENT_PROJECT_VERSION = 1;
				DEVELOPMENT_TEAM = 8LWW6684F7;
				GENERATE_INFOPLIST_FILE = YES;
				IPHONEOS_DEPLOYMENT_TARGET = 17.0;
				MARKETING_VERSION = 1.0;
				PRODUCT_BUNDLE_IDENTIFIER = "com.magma.Trade-CoachTests";
				PRODUCT_NAME = "$(TARGET_NAME)";
				SWIFT_EMIT_LOC_STRINGS = NO;
				SWIFT_VERSION = 5.0;
				TARGETED_DEVICE_FAMILY = "1,2";
				TEST_HOST = "$(BUILT_PRODUCTS_DIR)/Trade-Coach.app/$(BUNDLE_EXECUTABLE_FOLDER_PATH)/Trade-Coach";
			};
			name = Debug;
		};
		12BF75412AE26B4D00147E5A /* Release */ = {
			isa = XCBuildConfiguration;
			baseConfigurationReference = 240E4DB4424F1B38D2C822D2 /* Pods-Trade-CoachTests.release.xcconfig */;
			buildSettings = {
				ALWAYS_EMBED_SWIFT_STANDARD_LIBRARIES = YES;
				BUNDLE_LOADER = "$(TEST_HOST)";
				CODE_SIGN_STYLE = Automatic;
				CURRENT_PROJECT_VERSION = 1;
				DEVELOPMENT_TEAM = 8LWW6684F7;
				GENERATE_INFOPLIST_FILE = YES;
				IPHONEOS_DEPLOYMENT_TARGET = 17.0;
				MARKETING_VERSION = 1.0;
				PRODUCT_BUNDLE_IDENTIFIER = "com.magma.Trade-CoachTests";
				PRODUCT_NAME = "$(TARGET_NAME)";
				SWIFT_EMIT_LOC_STRINGS = NO;
				SWIFT_VERSION = 5.0;
				TARGETED_DEVICE_FAMILY = "1,2";
				TEST_HOST = "$(BUILT_PRODUCTS_DIR)/Trade-Coach.app/$(BUNDLE_EXECUTABLE_FOLDER_PATH)/Trade-Coach";
			};
			name = Release;
		};
		12BF75432AE26B4D00147E5A /* Debug */ = {
			isa = XCBuildConfiguration;
			baseConfigurationReference = 105A46F3DA2FF9927EF878E0 /* Pods-Trade-Coach-Trade-CoachUITests.debug.xcconfig */;
			buildSettings = {
				ALWAYS_EMBED_SWIFT_STANDARD_LIBRARIES = YES;
				CODE_SIGN_STYLE = Automatic;
				CURRENT_PROJECT_VERSION = 1;
				DEVELOPMENT_TEAM = 8LWW6684F7;
				GENERATE_INFOPLIST_FILE = YES;
				MARKETING_VERSION = 1.0;
				PRODUCT_BUNDLE_IDENTIFIER = "com.magma.Trade-CoachUITests";
				PRODUCT_NAME = "$(TARGET_NAME)";
				SWIFT_EMIT_LOC_STRINGS = NO;
				SWIFT_VERSION = 5.0;
				TARGETED_DEVICE_FAMILY = "1,2";
				TEST_TARGET_NAME = "Trade-Coach";
			};
			name = Debug;
		};
		12BF75442AE26B4D00147E5A /* Release */ = {
			isa = XCBuildConfiguration;
			baseConfigurationReference = B9DD156D1FCB4E1060EFBB1D /* Pods-Trade-Coach-Trade-CoachUITests.release.xcconfig */;
			buildSettings = {
				ALWAYS_EMBED_SWIFT_STANDARD_LIBRARIES = YES;
				CODE_SIGN_STYLE = Automatic;
				CURRENT_PROJECT_VERSION = 1;
				DEVELOPMENT_TEAM = 8LWW6684F7;
				GENERATE_INFOPLIST_FILE = YES;
				MARKETING_VERSION = 1.0;
				PRODUCT_BUNDLE_IDENTIFIER = "com.magma.Trade-CoachUITests";
				PRODUCT_NAME = "$(TARGET_NAME)";
				SWIFT_EMIT_LOC_STRINGS = NO;
				SWIFT_VERSION = 5.0;
				TARGETED_DEVICE_FAMILY = "1,2";
				TEST_TARGET_NAME = "Trade-Coach";
			};
			name = Release;
		};
/* End XCBuildConfiguration section */

/* Begin XCConfigurationList section */
		12BF750D2AE26B4C00147E5A /* Build configuration list for PBXProject "Trade-Coach" */ = {
			isa = XCConfigurationList;
			buildConfigurations = (
				12BF753A2AE26B4D00147E5A /* Debug */,
				12BF753B2AE26B4D00147E5A /* Release */,
			);
			defaultConfigurationIsVisible = 0;
			defaultConfigurationName = Release;
		};
		12BF753C2AE26B4D00147E5A /* Build configuration list for PBXNativeTarget "Trade-Coach" */ = {
			isa = XCConfigurationList;
			buildConfigurations = (
				12BF753D2AE26B4D00147E5A /* Debug */,
				12BF753E2AE26B4D00147E5A /* Release */,
			);
			defaultConfigurationIsVisible = 0;
			defaultConfigurationName = Release;
		};
		12BF753F2AE26B4D00147E5A /* Build configuration list for PBXNativeTarget "Trade-CoachTests" */ = {
			isa = XCConfigurationList;
			buildConfigurations = (
				12BF75402AE26B4D00147E5A /* Debug */,
				12BF75412AE26B4D00147E5A /* Release */,
			);
			defaultConfigurationIsVisible = 0;
			defaultConfigurationName = Release;
		};
		12BF75422AE26B4D00147E5A /* Build configuration list for PBXNativeTarget "Trade-CoachUITests" */ = {
			isa = XCConfigurationList;
			buildConfigurations = (
				12BF75432AE26B4D00147E5A /* Debug */,
				12BF75442AE26B4D00147E5A /* Release */,
			);
			defaultConfigurationIsVisible = 0;
			defaultConfigurationName = Release;
		};
/* End XCConfigurationList section */
	};
	rootObject = 12BF750A2AE26B4C00147E5A /* Project object */;
}
